
Microsoft Visual Studio Solution File, Format Version 12.00
# Visual Studio 15
VisualStudioVersion = 15.0.28307.1169
MinimumVisualStudioVersion = 10.0.40219.1
Project("{FAE04EC0-301F-11D3-BF4B-00C04F79EFBC}") = "StaticExtentions", "StaticExtentions.csproj", "{092C6ABA-9135-4319-A885-F89E7F4ADE93}"
EndProject
Global
	GlobalSection(SolutionConfigurationPlatforms) = preSolution
		Debug|Any CPU = Debug|Any CPU
		Release|Any CPU = Release|Any CPU
	EndGlobalSection
	GlobalSection(ProjectConfigurationPlatforms) = postSolution
		{092C6ABA-9135-4319-A885-F89E7F4ADE93}.Debug|Any CPU.ActiveCfg = Debug|Any CPU
		{092C6ABA-9135-4319-A885-F89E7F4ADE93}.Debug|Any CPU.Build.0 = Debug|Any CPU
		{092C6ABA-9135-4319-A885-F89E7F4ADE93}.Release|Any CPU.ActiveCfg = Release|Any CPU
		{092C6ABA-9135-4319-A885-F89E7F4ADE93}.Release|Any CPU.Build.0 = Release|Any CPU
	EndGlobalSection
	GlobalSection(SolutionProperties) = preSolution
		HideSolutionNode = FALSE
	EndGlobalSection
	GlobalSection(ExtensibilityGlobals) = postSolution
		SolutionGuid = {F07F4049-A0D3-4B7B-AA31-7E84C8A6AF7E}
	EndGlobalSection
EndGlobal
